// !$*UTF8*$!
{
	archiveVersion = 1;
	classes = {
	};
	objectVersion = 46;
	objects = {

/* Begin PBXBuildFile section */
		B64C46EC19781879005C0EF5 /* Foundation.framework in Frameworks */ = {isa = PBXBuildFile; fileRef = B64C46EB19781879005C0EF5 /* Foundation.framework */; };
		B64C46EE19781879005C0EF5 /* CoreGraphics.framework in Frameworks */ = {isa = PBXBuildFile; fileRef = B64C46ED19781879005C0EF5 /* CoreGraphics.framework */; };
		B64C46F019781879005C0EF5 /* UIKit.framework in Frameworks */ = {isa = PBXBuildFile; fileRef = B64C46EF19781879005C0EF5 /* UIKit.framework */; };
		B64C46F619781879005C0EF5 /* InfoPlist.strings in Resources */ = {isa = PBXBuildFile; fileRef = B64C46F419781879005C0EF5 /* InfoPlist.strings */; };
		B64C46F819781879005C0EF5 /* main.m in Sources */ = {isa = PBXBuildFile; fileRef = B64C46F719781879005C0EF5 /* main.m */; };
		B64C46FC19781879005C0EF5 /* CCAppDelegate.m in Sources */ = {isa = PBXBuildFile; fileRef = B64C46FB19781879005C0EF5 /* CCAppDelegate.m */; };
		B64C46FF19781879005C0EF5 /* Main.storyboard in Resources */ = {isa = PBXBuildFile; fileRef = B64C46FD19781879005C0EF5 /* Main.storyboard */; };
		B64C470219781879005C0EF5 /* CCViewController.m in Sources */ = {isa = PBXBuildFile; fileRef = B64C470119781879005C0EF5 /* CCViewController.m */; };
		B64C470419781879005C0EF5 /* Images.xcassets in Resources */ = {isa = PBXBuildFile; fileRef = B64C470319781879005C0EF5 /* Images.xcassets */; };
		B64C470B19781879005C0EF5 /* XCTest.framework in Frameworks */ = {isa = PBXBuildFile; fileRef = B64C470A19781879005C0EF5 /* XCTest.framework */; };
		B64C470C19781879005C0EF5 /* Foundation.framework in Frameworks */ = {isa = PBXBuildFile; fileRef = B64C46EB19781879005C0EF5 /* Foundation.framework */; };
		B64C470D1978187A005C0EF5 /* UIKit.framework in Frameworks */ = {isa = PBXBuildFile; fileRef = B64C46EF19781879005C0EF5 /* UIKit.framework */; };
		B64C47151978187A005C0EF5 /* InfoPlist.strings in Resources */ = {isa = PBXBuildFile; fileRef = B64C47131978187A005C0EF5 /* InfoPlist.strings */; };
		B64C47171978187A005C0EF5 /* Git_TestTests.m in Sources */ = {isa = PBXBuildFile; fileRef = B64C47161978187A005C0EF5 /* Git_TestTests.m */; };
		B64C4722197847AF005C0EF5 /* CCTest.m in Sources */ = {isa = PBXBuildFile; fileRef = B64C4721197847AF005C0EF5 /* CCTest.m */; };
/* End PBXBuildFile section */

/* Begin PBXContainerItemProxy section */
		B64C470E1978187A005C0EF5 /* PBXContainerItemProxy */ = {
			isa = PBXContainerItemProxy;
			containerPortal = B64C46E019781879005C0EF5 /* Project object */;
			proxyType = 1;
			remoteGlobalIDString = B64C46E719781879005C0EF5;
			remoteInfo = "Git Test";
		};
/* End PBXContainerItemProxy section */

/* Begin PBXFileReference section */
		B64C46E819781879005C0EF5 /* Git Test.app */ = {isa = PBXFileReference; explicitFileType = wrapper.application; includeInIndex = 0; path = "Git Test.app"; sourceTree = BUILT_PRODUCTS_DIR; };
		B64C46EB19781879005C0EF5 /* Foundation.framework */ = {isa = PBXFileReference; lastKnownFileType = wrapper.framework; name = Foundation.framework; path = System/Library/Frameworks/Foundation.framework; sourceTree = SDKROOT; };
		B64C46ED19781879005C0EF5 /* CoreGraphics.framework */ = {isa = PBXFileReference; lastKnownFileType = wrapper.framework; name = CoreGraphics.framework; path = System/Library/Frameworks/CoreGraphics.framework; sourceTree = SDKROOT; };
		B64C46EF19781879005C0EF5 /* UIKit.framework */ = {isa = PBXFileReference; lastKnownFileType = wrapper.framework; name = UIKit.framework; path = System/Library/Frameworks/UIKit.framework; sourceTree = SDKROOT; };
		B64C46F319781879005C0EF5 /* Git Test-Info.plist */ = {isa = PBXFileReference; lastKnownFileType = text.plist.xml; path = "Git Test-Info.plist"; sourceTree = "<group>"; };
		B64C46F519781879005C0EF5 /* en */ = {isa = PBXFileReference; lastKnownFileType = text.plist.strings; name = en; path = en.lproj/InfoPlist.strings; sourceTree = "<group>"; };
		B64C46F719781879005C0EF5 /* main.m */ = {isa = PBXFileReference; lastKnownFileType = sourcecode.c.objc; path = main.m; sourceTree = "<group>"; };
		B64C46F919781879005C0EF5 /* Git Test-Prefix.pch */ = {isa = PBXFileReference; lastKnownFileType = sourcecode.c.h; path = "Git Test-Prefix.pch"; sourceTree = "<group>"; };
		B64C46FA19781879005C0EF5 /* CCAppDelegate.h */ = {isa = PBXFileReference; lastKnownFileType = sourcecode.c.h; path = CCAppDelegate.h; sourceTree = "<group>"; };
		B64C46FB19781879005C0EF5 /* CCAppDelegate.m */ = {isa = PBXFileReference; lastKnownFileType = sourcecode.c.objc; path = CCAppDelegate.m; sourceTree = "<group>"; };
		B64C46FE19781879005C0EF5 /* Base */ = {isa = PBXFileReference; lastKnownFileType = file.storyboard; name = Base; path = Base.lproj/Main.storyboard; sourceTree = "<group>"; };
		B64C470019781879005C0EF5 /* CCViewController.h */ = {isa = PBXFileReference; lastKnownFileType = sourcecode.c.h; path = CCViewController.h; sourceTree = "<group>"; };
		B64C470119781879005C0EF5 /* CCViewController.m */ = {isa = PBXFileReference; lastKnownFileType = sourcecode.c.objc; path = CCViewController.m; sourceTree = "<group>"; };
		B64C470319781879005C0EF5 /* Images.xcassets */ = {isa = PBXFileReference; lastKnownFileType = folder.assetcatalog; path = Images.xcassets; sourceTree = "<group>"; };
		B64C470919781879005C0EF5 /* Git TestTests.xctest */ = {isa = PBXFileReference; explicitFileType = wrapper.cfbundle; includeInIndex = 0; path = "Git TestTests.xctest"; sourceTree = BUILT_PRODUCTS_DIR; };
		B64C470A19781879005C0EF5 /* XCTest.framework */ = {isa = PBXFileReference; lastKnownFileType = wrapper.framework; name = XCTest.framework; path = Library/Frameworks/XCTest.framework; sourceTree = DEVELOPER_DIR; };
		B64C47121978187A005C0EF5 /* Git TestTests-Info.plist */ = {isa = PBXFileReference; lastKnownFileType = text.plist.xml; path = "Git TestTests-Info.plist"; sourceTree = "<group>"; };
		B64C47141978187A005C0EF5 /* en */ = {isa = PBXFileReference; lastKnownFileType = text.plist.strings; name = en; path = en.lproj/InfoPlist.strings; sourceTree = "<group>"; };
		B64C47161978187A005C0EF5 /* Git_TestTests.m */ = {isa = PBXFileReference; lastKnownFileType = sourcecode.c.objc; path = Git_TestTests.m; sourceTree = "<group>"; };
		B64C4720197847AF005C0EF5 /* CCTest.h */ = {isa = PBXFileReference; fileEncoding = 4; lastKnownFileType = sourcecode.c.h; path = CCTest.h; sourceTree = "<group>"; };
		B64C4721197847AF005C0EF5 /* CCTest.m */ = {isa = PBXFileReference; fileEncoding = 4; lastKnownFileType = sourcecode.c.objc; path = CCTest.m; sourceTree = "<group>"; };
/* End PBXFileReference section */

/* Begin PBXFrameworksBuildPhase section */
		B64C46E519781879005C0EF5 /* Frameworks */ = {
			isa = PBXFrameworksBuildPhase;
			buildActionMask = 2147483647;
			files = (
				B64C46EE19781879005C0EF5 /* CoreGraphics.framework in Frameworks */,
				B64C46F019781879005C0EF5 /* UIKit.framework in Frameworks */,
				B64C46EC19781879005C0EF5 /* Foundation.framework in Frameworks */,
			);
			runOnlyForDeploymentPostprocessing = 0;
		};
		B64C470619781879005C0EF5 /* Frameworks */ = {
			isa = PBXFrameworksBuildPhase;
			buildActionMask = 2147483647;
			files = (
				B64C470B19781879005C0EF5 /* XCTest.framework in Frameworks */,
				B64C470D1978187A005C0EF5 /* UIKit.framework in Frameworks */,
				B64C470C19781879005C0EF5 /* Foundation.framework in Frameworks */,
			);
			runOnlyForDeploymentPostprocessing = 0;
		};
/* End PBXFrameworksBuildPhase section */

/* Begin PBXGroup section */
		B64C46DF19781879005C0EF5 = {
			isa = PBXGroup;
			children = (
				B64C46F119781879005C0EF5 /* Git Test */,
				B64C47101978187A005C0EF5 /* Git TestTests */,
				B64C46EA19781879005C0EF5 /* Frameworks */,
				B64C46E919781879005C0EF5 /* Products */,
			);
			sourceTree = "<group>";
		};
		B64C46E919781879005C0EF5 /* Products */ = {
			isa = PBXGroup;
			children = (
				B64C46E819781879005C0EF5 /* Git Test.app */,
				B64C470919781879005C0EF5 /* Git TestTests.xctest */,
			);
			name = Products;
			sourceTree = "<group>";
		};
		B64C46EA19781879005C0EF5 /* Frameworks */ = {
			isa = PBXGroup;
			children = (
				B64C46EB19781879005C0EF5 /* Foundation.framework */,
				B64C46ED19781879005C0EF5 /* CoreGraphics.framework */,
				B64C46EF19781879005C0EF5 /* UIKit.framework */,
				B64C470A19781879005C0EF5 /* XCTest.framework */,
			);
			name = Frameworks;
			sourceTree = "<group>";
		};
		B64C46F119781879005C0EF5 /* Git Test */ = {
			isa = PBXGroup;
			children = (
				B64C4720197847AF005C0EF5 /* CCTest.h */,
				B64C4721197847AF005C0EF5 /* CCTest.m */,
				B64C46FA19781879005C0EF5 /* CCAppDelegate.h */,
				B64C46FB19781879005C0EF5 /* CCAppDelegate.m */,
				B64C46FD19781879005C0EF5 /* Main.storyboard */,
				B64C470019781879005C0EF5 /* CCViewController.h */,
				B64C470119781879005C0EF5 /* CCViewController.m */,
				B64C470319781879005C0EF5 /* Images.xcassets */,
				B64C46F219781879005C0EF5 /* Supporting Files */,
			);
			path = "Git Test";
			sourceTree = "<group>";
		};
		B64C46F219781879005C0EF5 /* Supporting Files */ = {
			isa = PBXGroup;
			children = (
				B64C46F319781879005C0EF5 /* Git Test-Info.plist */,
				B64C46F419781879005C0EF5 /* InfoPlist.strings */,
				B64C46F719781879005C0EF5 /* main.m */,
				B64C46F919781879005C0EF5 /* Git Test-Prefix.pch */,
			);
			name = "Supporting Files";
			sourceTree = "<group>";
		};
		B64C47101978187A005C0EF5 /* Git TestTests */ = {
			isa = PBXGroup;
			children = (
				B64C47161978187A005C0EF5 /* Git_TestTests.m */,
				B64C47111978187A005C0EF5 /* Supporting Files */,
			);
			path = "Git TestTests";
			sourceTree = "<group>";
		};
		B64C47111978187A005C0EF5 /* Supporting Files */ = {
			isa = PBXGroup;
			children = (
				B64C47121978187A005C0EF5 /* Git TestTests-Info.plist */,
				B64C47131978187A005C0EF5 /* InfoPlist.strings */,
			);
			name = "Supporting Files";
			sourceTree = "<group>";
		};
/* End PBXGroup section */

/* Begin PBXNativeTarget section */
		B64C46E719781879005C0EF5 /* Git Test */ = {
			isa = PBXNativeTarget;
			buildConfigurationList = B64C471A1978187A005C0EF5 /* Build configuration list for PBXNativeTarget "Git Test" */;
			buildPhases = (
				B64C46E419781879005C0EF5 /* Sources */,
				B64C46E519781879005C0EF5 /* Frameworks */,
				B64C46E619781879005C0EF5 /* Resources */,
			);
			buildRules = (
			);
			dependencies = (
			);
			name = "Git Test";
			productName = "Git Test";
			productReference = B64C46E819781879005C0EF5 /* Git Test.app */;
			productType = "com.apple.product-type.application";
		};
		B64C470819781879005C0EF5 /* Git TestTests */ = {
			isa = PBXNativeTarget;
			buildConfigurationList = B64C471D1978187A005C0EF5 /* Build configuration list for PBXNativeTarget "Git TestTests" */;
			buildPhases = (
				B64C470519781879005C0EF5 /* Sources */,
				B64C470619781879005C0EF5 /* Frameworks */,
				B64C470719781879005C0EF5 /* Resources */,
			);
			buildRules = (
			);
			dependencies = (
				B64C470F1978187A005C0EF5 /* PBXTargetDependency */,
			);
			name = "Git TestTests";
			productName = "Git TestTests";
			productReference = B64C470919781879005C0EF5 /* Git TestTests.xctest */;
			productType = "com.apple.product-type.bundle.unit-test";
		};
/* End PBXNativeTarget section */

/* Begin PBXProject section */
		B64C46E019781879005C0EF5 /* Project object */ = {
			isa = PBXProject;
			attributes = {
				CLASSPREFIX = CC;
				LastUpgradeCheck = 0510;
				ORGANIZATIONNAME = "Code Coalition";
				TargetAttributes = {
					B64C470819781879005C0EF5 = {
						TestTargetID = B64C46E719781879005C0EF5;
					};
				};
			};
			buildConfigurationList = B64C46E319781879005C0EF5 /* Build configuration list for PBXProject "Git Test" */;
			compatibilityVersion = "Xcode 3.2";
			developmentRegion = English;
			hasScannedForEncodings = 0;
			knownRegions = (
				en,
				Base,
			);
			mainGroup = B64C46DF19781879005C0EF5;
			productRefGroup = B64C46E919781879005C0EF5 /* Products */;
			projectDirPath = "";
			projectRoot = "";
			targets = (
				B64C46E719781879005C0EF5 /* Git Test */,
				B64C470819781879005C0EF5 /* Git TestTests */,
			);
		};
/* End PBXProject section */

/* Begin PBXResourcesBuildPhase section */
		B64C46E619781879005C0EF5 /* Resources */ = {
			isa = PBXResourcesBuildPhase;
			buildActionMask = 2147483647;
			files = (
				B64C470419781879005C0EF5 /* Images.xcassets in Resources */,
				B64C46F619781879005C0EF5 /* InfoPlist.strings in Resources */,
				B64C46FF19781879005C0EF5 /* Main.storyboard in Resources */,
			);
			runOnlyForDeploymentPostprocessing = 0;
		};
		B64C470719781879005C0EF5 /* Resources */ = {
			isa = PBXResourcesBuildPhase;
			buildActionMask = 2147483647;
			files = (
				B64C47151978187A005C0EF5 /* InfoPlist.strings in Resources */,
			);
			runOnlyForDeploymentPostprocessing = 0;
		};
/* End PBXResourcesBuildPhase section */

/* Begin PBXSourcesBuildPhase section */
		B64C46E419781879005C0EF5 /* Sources */ = {
			isa = PBXSourcesBuildPhase;
			buildActionMask = 2147483647;
			files = (
				B64C46FC19781879005C0EF5 /* CCAppDelegate.m in Sources */,
				B64C4722197847AF005C0EF5 /* CCTest.m in Sources */,
				B64C46F819781879005C0EF5 /* main.m in Sources */,
				B64C470219781879005C0EF5 /* CCViewController.m in Sources */,
			);
			runOnlyForDeploymentPostprocessing = 0;
		};
		B64C470519781879005C0EF5 /* Sources */ = {
			isa = PBXSourcesBuildPhase;
			buildActionMask = 2147483647;
			files = (
				B64C47171978187A005C0EF5 /* Git_TestTests.m in Sources */,
			);
			runOnlyForDeploymentPostprocessing = 0;
		};
/* End PBXSourcesBuildPhase section */

/* Begin PBXTargetDependency section */
		B64C470F1978187A005C0EF5 /* PBXTargetDependency */ = {
			isa = PBXTargetDependency;
			target = B64C46E719781879005C0EF5 /* Git Test */;
			targetProxy = B64C470E1978187A005C0EF5 /* PBXContainerItemProxy */;
		};
/* End PBXTargetDependency section */

/* Begin PBXVariantGroup section */
		B64C46F419781879005C0EF5 /* InfoPlist.strings */ = {
			isa = PBXVariantGroup;
			children = (
				B64C46F519781879005C0EF5 /* en */,
			);
			name = InfoPlist.strings;
			sourceTree = "<group>";
		};
		B64C46FD19781879005C0EF5 /* Main.storyboard */ = {
			isa = PBXVariantGroup;
			children = (
				B64C46FE19781879005C0EF5 /* Base */,
			);
			name = Main.storyboard;
			sourceTree = "<group>";
		};
		B64C47131978187A005C0EF5 /* InfoPlist.strings */ = {
			isa = PBXVariantGroup;
			children = (
				B64C47141978187A005C0EF5 /* en */,
			);
			name = InfoPlist.strings;
			sourceTree = "<group>";
		};
/* End PBXVariantGroup section */

/* Begin XCBuildConfiguration section */
		B64C47181978187A005C0EF5 /* Debug */ = {
			isa = XCBuildConfiguration;
			buildSettings = {
				ALWAYS_SEARCH_USER_PATHS = NO;
				CLANG_CXX_LANGUAGE_STANDARD = "gnu++0x";
				CLANG_CXX_LIBRARY = "libc++";
				CLANG_ENABLE_MODULES = YES;
				CLANG_ENABLE_OBJC_ARC = YES;
				CLANG_WARN_BOOL_CONVERSION = YES;
				CLANG_WARN_CONSTANT_CONVERSION = YES;
				CLANG_WARN_DIRECT_OBJC_ISA_USAGE = YES_ERROR;
				CLANG_WARN_EMPTY_BODY = YES;
				CLANG_WARN_ENUM_CONVERSION = YES;
				CLANG_WARN_INT_CONVERSION = YES;
				CLANG_WARN_OBJC_ROOT_CLASS = YES_ERROR;
				CLANG_WARN__DUPLICATE_METHOD_MATCH = YES;
				"CODE_SIGN_IDENTITY[sdk=iphoneos*]" = "iPhone Developer";
				COPY_PHASE_STRIP = NO;
				GCC_C_LANGUAGE_STANDARD = gnu99;
				GCC_DYNAMIC_NO_PIC = NO;
				GCC_OPTIMIZATION_LEVEL = 0;
				GCC_PREPROCESSOR_DEFINITIONS = (
					"DEBUG=1",
					"$(inherited)",
				);
				GCC_SYMBOLS_PRIVATE_EXTERN = NO;
				GCC_WARN_64_TO_32_BIT_CONVERSION = YES;
				GCC_WARN_ABOUT_RETURN_TYPE = YES_ERROR;
				GCC_WARN_UNDECLARED_SELECTOR = YES;
				GCC_WARN_UNINITIALIZED_AUTOS = YES_AGGRESSIVE;
				GCC_WARN_UNUSED_FUNCTION = YES;
				GCC_WARN_UNUSED_VARIABLE = YES;
				IPHONEOS_DEPLOYMENT_TARGET = 7.1;
				ONLY_ACTIVE_ARCH = YES;
				SDKROOT = iphoneos;
			};
			name = Debug;
		};
		B64C47191978187A005C0EF5 /* Release */ = {
			isa = XCBuildConfiguration;
			buildSettings = {
				ALWAYS_SEARCH_USER_PATHS = NO;
				CLANG_CXX_LANGUAGE_STANDARD = "gnu++0x";
				CLANG_CXX_LIBRARY = "libc++";
				CLANG_ENABLE_MODULES = YES;
				CLANG_ENABLE_OBJC_ARC = YES;
				CLANG_WARN_BOOL_CONVERSION = YES;
				CLANG_WARN_CONSTANT_CONVERSION = YES;
				CLANG_WARN_DIRECT_OBJC_ISA_USAGE = YES_ERROR;
				CLANG_WARN_EMPTY_BODY = YES;
				CLANG_WARN_ENUM_CONVERSION = YES;
				CLANG_WARN_INT_CONVERSION = YES;
				CLANG_WARN_OBJC_ROOT_CLASS = YES_ERROR;
				CLANG_WARN__DUPLICATE_METHOD_MATCH = YES;
				"CODE_SIGN_IDENTITY[sdk=iphoneos*]" = "iPhone Developer";
				COPY_PHASE_STRIP = YES;
				ENABLE_NS_ASSERTIONS = NO;
				GCC_C_LANGUAGE_STANDARD = gnu99;
				GCC_WARN_64_TO_32_BIT_CONVERSION = YES;
				GCC_WARN_ABOUT_RETURN_TYPE = YES_ERROR;
				GCC_WARN_UNDECLARED_SELECTOR = YES;
				GCC_WARN_UNINITIALIZED_AUTOS = YES_AGGRESSIVE;
				GCC_WARN_UNUSED_FUNCTION = YES;
				GCC_WARN_UNUSED_VARIABLE = YES;
				IPHONEOS_DEPLOYMENT_TARGET = 7.1;
				SDKROOT = iphoneos;
				VALIDATE_PRODUCT = YES;
			};
			name = Release;
		};
		B64C471B1978187A005C0EF5 /* Debug */ = {
			isa = XCBuildConfiguration;
			buildSettings = {
				ASSETCATALOG_COMPILER_APPICON_NAME = AppIcon;
				ASSETCATALOG_COMPILER_LAUNCHIMAGE_NAME = LaunchImage;
				GCC_PRECOMPILE_PREFIX_HEADER = YES;
				GCC_PREFIX_HEADER = "Git Test/Git Test-Prefix.pch";
				INFOPLIST_FILE = "Git Test/Git Test-Info.plist";
				PRODUCT_NAME = "$(TARGET_NAME)";
				WRAPPER_EXTENSION = app;
			};
			name = Debug;
		};
		B64C471C1978187A005C0EF5 /* Release */ = {
			isa = XCBuildConfiguration;
			buildSettings = {
				ASSETCATALOG_COMPILER_APPICON_NAME = AppIcon;
				ASSETCATALOG_COMPILER_LAUNCHIMAGE_NAME = LaunchImage;
				GCC_PRECOMPILE_PREFIX_HEADER = YES;
				GCC_PREFIX_HEADER = "Git Test/Git Test-Prefix.pch";
				INFOPLIST_FILE = "Git Test/Git Test-Info.plist";
				PRODUCT_NAME = "$(TARGET_NAME)";
				WRAPPER_EXTENSION = app;
			};
			name = Release;
		};
		B64C471E1978187A005C0EF5 /* Debug */ = {
			isa = XCBuildConfiguration;
			buildSettings = {
				BUNDLE_LOADER = "$(BUILT_PRODUCTS_DIR)/Git Test.app/Git Test";
				FRAMEWORK_SEARCH_PATHS = (
					"$(SDKROOT)/Developer/Library/Frameworks",
					"$(inherited)",
					"$(DEVELOPER_FRAMEWORKS_DIR)",
				);
				GCC_PRECOMPILE_PREFIX_HEADER = YES;
				GCC_PREFIX_HEADER = "Git Test/Git Test-Prefix.pch";
				GCC_PREPROCESSOR_DEFINITIONS = (
					"DEBUG=1",
					"$(inherited)",
				);
				INFOPLIST_FILE = "Git TestTests/Git TestTests-Info.plist";
				PRODUCT_NAME = "$(TARGET_NAME)";
				TEST_HOST = "$(BUNDLE_LOADER)";
				WRAPPER_EXTENSION = xctest;
			};
			name = Debug;
		};
		B64C471F1978187A005C0EF5 /* Release */ = {
			isa = XCBuildConfiguration;
			buildSettings = {
				BUNDLE_LOADER = "$(BUILT_PRODUCTS_DIR)/Git Test.app/Git Test";
				FRAMEWORK_SEARCH_PATHS = (
					"$(SDKROOT)/Developer/Library/Frameworks",
					"$(inherited)",
					"$(DEVELOPER_FRAMEWORKS_DIR)",
				);
				GCC_PRECOMPILE_PREFIX_HEADER = YES;
				GCC_PREFIX_HEADER = "Git Test/Git Test-Prefix.pch";
				INFOPLIST_FILE = "Git TestTests/Git TestTests-Info.plist";
				PRODUCT_NAME = "$(TARGET_NAME)";
				TEST_HOST = "$(BUNDLE_LOADER)";
				WRAPPER_EXTENSION = xctest;
			};
			name = Release;
		};
/* End XCBuildConfiguration section */

/* Begin XCConfigurationList section */
		B64C46E319781879005C0EF5 /* Build configuration list for PBXProject "Git Test" */ = {
			isa = XCConfigurationList;
			buildConfigurations = (
				B64C47181978187A005C0EF5 /* Debug */,
				B64C47191978187A005C0EF5 /* Release */,
			);
			defaultConfigurationIsVisible = 0;
			defaultConfigurationName = Release;
		};
		B64C471A1978187A005C0EF5 /* Build configuration list for PBXNativeTarget "Git Test" */ = {
			isa = XCConfigurationList;
			buildConfigurations = (
				B64C471B1978187A005C0EF5 /* Debug */,
				B64C471C1978187A005C0EF5 /* Release */,
			);
			defaultConfigurationIsVisible = 0;
		};
		B64C471D1978187A005C0EF5 /* Build configuration list for PBXNativeTarget "Git TestTests" */ = {
			isa = XCConfigurationList;
			buildConfigurations = (
				B64C471E1978187A005C0EF5 /* Debug */,
				B64C471F1978187A005C0EF5 /* Release */,
			);
			defaultConfigurationIsVisible = 0;
		};
/* End XCConfigurationList section */
	};
	rootObject = B64C46E019781879005C0EF5 /* Project object */;
}
